
Microsoft Visual Studio Solution File, Format Version 11.00
# Visual Studio 2010
Project("{8BC9CEB8-8B4A-11D0-8D11-00A0C91BC942}") = "CUDAtests", "CUDAtests\CUDAtests.vcxproj", "{C0364909-42F1-4D96-A2C4-1D4072C220AF}"
EndProject
Project("{8BC9CEB8-8B4A-11D0-8D11-00A0C91BC942}") = "SimpleCPPref", "SimpleCPPref\SimpleCPPref.vcxproj", "{8BE569F3-A830-4F2A-A8E4-7AE7585C2DF8}"
EndProject
Project("{8BC9CEB8-8B4A-11D0-8D11-00A0C91BC942}") = "CUDApi", "CUDApi\CUDApi.vcxproj", "{6E2D0209-1DE6-4E37-A6CD-32EBA48872DD}"
EndProject
Project("{8BC9CEB8-8B4A-11D0-8D11-00A0C91BC942}") = "CPUpi", "CPUpi\CPUpi.vcxproj", "{BE9D948B-6FCC-4C98-9D43-78F04A22A7A1}"
EndProject
Global
	GlobalSection(SolutionConfigurationPlatforms) = preSolution
		Debug|Win32 = Debug|Win32
		Release|Win32 = Release|Win32
	EndGlobalSection
	GlobalSection(ProjectConfigurationPlatforms) = postSolution
		{C0364909-42F1-4D96-A2C4-1D4072C220AF}.Debug|Win32.ActiveCfg = Debug|Win32
		{C0364909-42F1-4D96-A2C4-1D4072C220AF}.Debug|Win32.Build.0 = Debug|Win32
		{C0364909-42F1-4D96-A2C4-1D4072C220AF}.Release|Win32.ActiveCfg = Release|Win32
		{C0364909-42F1-4D96-A2C4-1D4072C220AF}.Release|Win32.Build.0 = Release|Win32
		{8BE569F3-A830-4F2A-A8E4-7AE7585C2DF8}.Debug|Win32.ActiveCfg = Debug|Win32
		{8BE569F3-A830-4F2A-A8E4-7AE7585C2DF8}.Debug|Win32.Build.0 = Debug|Win32
		{8BE569F3-A830-4F2A-A8E4-7AE7585C2DF8}.Release|Win32.ActiveCfg = Release|Win32
		{8BE569F3-A830-4F2A-A8E4-7AE7585C2DF8}.Release|Win32.Build.0 = Release|Win32
		{6E2D0209-1DE6-4E37-A6CD-32EBA48872DD}.Debug|Win32.ActiveCfg = Debug|Win32
		{6E2D0209-1DE6-4E37-A6CD-32EBA48872DD}.Debug|Win32.Build.0 = Debug|Win32
		{6E2D0209-1DE6-4E37-A6CD-32EBA48872DD}.Release|Win32.ActiveCfg = Release|Win32
		{6E2D0209-1DE6-4E37-A6CD-32EBA48872DD}.Release|Win32.Build.0 = Release|Win32
		{BE9D948B-6FCC-4C98-9D43-78F04A22A7A1}.Debug|Win32.ActiveCfg = Debug|Win32
		{BE9D948B-6FCC-4C98-9D43-78F04A22A7A1}.Debug|Win32.Build.0 = Debug|Win32
		{BE9D948B-6FCC-4C98-9D43-78F04A22A7A1}.Release|Win32.ActiveCfg = Release|Win32
		{BE9D948B-6FCC-4C98-9D43-78F04A22A7A1}.Release|Win32.Build.0 = Release|Win32
	EndGlobalSection
	GlobalSection(SolutionProperties) = preSolution
		HideSolutionNode = FALSE
	EndGlobalSection
EndGlobal
